
Microsoft Visual Studio Solution File, Format Version 12.00
# Visual Studio 2012
Project("{FAE04EC0-301F-11D3-BF4B-00C04F79EFBC}") = "LogFileAnalyssis", "LogFileAnalyssis\LogFileAnalyssis.csproj", "{379D8E08-76F6-4742-8F29-81E70CB83424}"
EndProject
Global
	GlobalSection(SolutionConfigurationPlatforms) = preSolution
		Debug|Any CPU = Debug|Any CPU
		Release|Any CPU = Release|Any CPU
	EndGlobalSection
	GlobalSection(ProjectConfigurationPlatforms) = postSolution
		{379D8E08-76F6-4742-8F29-81E70CB83424}.Debug|Any CPU.ActiveCfg = Debug|Any CPU
		{379D8E08-76F6-4742-8F29-81E70CB83424}.Debug|Any CPU.Build.0 = Debug|Any CPU
		{379D8E08-76F6-4742-8F29-81E70CB83424}.Release|Any CPU.ActiveCfg = Release|Any CPU
		{379D8E08-76F6-4742-8F29-81E70CB83424}.Release|Any CPU.Build.0 = Release|Any CPU
	EndGlobalSection
	GlobalSection(SolutionProperties) = preSolution
		HideSolutionNode = FALSE
	EndGlobalSection
EndGlobal
